
Microsoft Visual Studio Solution File, Format Version 12.00
# Visual Studio Version 17
VisualStudioVersion = 17.6.33723.286
MinimumVisualStudioVersion = 10.0.40219.1
Project("{8BC9CEB8-8B4A-11D0-8D11-00A0C91BC942}") = "GalaEngine", "GalaEngine\GalaEngine.vcxproj", "{8C989DFA-2C0B-4816-AF13-516E7CC917E7}"
EndProject
Global
	GlobalSection(SolutionConfigurationPlatforms) = preSolution
		Debug|x64 = Debug|x64
		Debug|x86 = Debug|x86
		Release|x64 = Release|x64
		Release|x86 = Release|x86
	EndGlobalSection
	GlobalSection(ProjectConfigurationPlatforms) = postSolution
		{8C989DFA-2C0B-4816-AF13-516E7CC917E7}.Debug|x64.ActiveCfg = Debug|x64
		{8C989DFA-2C0B-4816-AF13-516E7CC917E7}.Debug|x64.Build.0 = Debug|x64
		{8C989DFA-2C0B-4816-AF13-516E7CC917E7}.Debug|x86.ActiveCfg = Debug|Win32
		{8C989DFA-2C0B-4816-AF13-516E7CC917E7}.Debug|x86.Build.0 = Debug|Win32
		{8C989DFA-2C0B-4816-AF13-516E7CC917E7}.Release|x64.ActiveCfg = Release|x64
		{8C989DFA-2C0B-4816-AF13-516E7CC917E7}.Release|x64.Build.0 = Release|x64
		{8C989DFA-2C0B-4816-AF13-516E7CC917E7}.Release|x86.ActiveCfg = Release|Win32
		{8C989DFA-2C0B-4816-AF13-516E7CC917E7}.Release|x86.Build.0 = Release|Win32
	EndGlobalSection
	GlobalSection(SolutionProperties) = preSolution
		HideSolutionNode = FALSE
	EndGlobalSection
	GlobalSection(ExtensibilityGlobals) = postSolution
		SolutionGuid = {D167A6B3-B22A-4648-AA6C-2231BD0D2948}
	EndGlobalSection
EndGlobal
